{
  "name": "root",
  "requires": true,
  "lockfileVersion": 1,
  "dependencies": {
    "stencil-linechart": {
      "version": "0.1.9",
      "resolved": "https://registry.npmjs.org/stencil-linechart/-/stencil-linechart-0.1.9.tgz",
      "integrity": "sha512-94LV7UYDzBBr/gcFS1IZuaTh/N73KCItC4xhu5YA88AnBj2nt9bpZR3RHThHDMdeRwUw/tzm4f/u8eLtd+zRUg=="
    }
  }
}
